
Microsoft Visual Studio Solution File, Format Version 12.00
# Visual Studio Version 17
VisualStudioVersion = 17.3.32811.315
MinimumVisualStudioVersion = 10.0.40219.1
Project("{9A19103F-16F7-4668-BE54-9A1E7A4F7556}") = "DBServer", "DBServer.csproj", "{CBDD03D3-73CD-4545-B2A1-B7381CAA1436}"
EndProject
Global
	GlobalSection(SolutionConfigurationPlatforms) = preSolution
		Debug|Any CPU = Debug|Any CPU
		Release|Any CPU = Release|Any CPU
	EndGlobalSection
	GlobalSection(ProjectConfigurationPlatforms) = postSolution
		{CBDD03D3-73CD-4545-B2A1-B7381CAA1436}.Debug|Any CPU.ActiveCfg = Debug|Any CPU
		{CBDD03D3-73CD-4545-B2A1-B7381CAA1436}.Debug|Any CPU.Build.0 = Debug|Any CPU
		{CBDD03D3-73CD-4545-B2A1-B7381CAA1436}.Release|Any CPU.ActiveCfg = Release|Any CPU
		{CBDD03D3-73CD-4545-B2A1-B7381CAA1436}.Release|Any CPU.Build.0 = Release|Any CPU
	EndGlobalSection
	GlobalSection(SolutionProperties) = preSolution
		HideSolutionNode = FALSE
	EndGlobalSection
	GlobalSection(ExtensibilityGlobals) = postSolution
		SolutionGuid = {B0636FB7-C82F-4F79-A56D-5EAB76571483}
	EndGlobalSection
EndGlobal
